
Microsoft Visual Studio Solution File, Format Version 12.00
# Visual Studio 2012
Project("{FAE04EC0-301F-11D3-BF4B-00C04F79EFBC}") = "BimSearch", "BimSearch\BimSearch.csproj", "{5FEACCE1-F314-4FE5-AC0A-E880ED93D8CF}"
EndProject
Project("{FAE04EC0-301F-11D3-BF4B-00C04F79EFBC}") = "BimIndexer", "BimIndexer\BimIndexer.csproj", "{C7C5FDC2-7EAA-4230-BD9A-AA1B4AFA3DF4}"
EndProject
Project("{FAE04EC0-301F-11D3-BF4B-00C04F79EFBC}") = "BimIndexerTests", "BimIndexerTests\BimIndexerTests.csproj", "{17E9B9EA-0C90-4028-9F9F-86C6988D2BE1}"
EndProject
Global
	GlobalSection(SolutionConfigurationPlatforms) = preSolution
		Debug|Any CPU = Debug|Any CPU
		Release|Any CPU = Release|Any CPU
	EndGlobalSection
	GlobalSection(ProjectConfigurationPlatforms) = postSolution
		{17E9B9EA-0C90-4028-9F9F-86C6988D2BE1}.Debug|Any CPU.ActiveCfg = Debug|Any CPU
		{17E9B9EA-0C90-4028-9F9F-86C6988D2BE1}.Debug|Any CPU.Build.0 = Debug|Any CPU
		{17E9B9EA-0C90-4028-9F9F-86C6988D2BE1}.Release|Any CPU.ActiveCfg = Release|Any CPU
		{17E9B9EA-0C90-4028-9F9F-86C6988D2BE1}.Release|Any CPU.Build.0 = Release|Any CPU
		{5FEACCE1-F314-4FE5-AC0A-E880ED93D8CF}.Debug|Any CPU.ActiveCfg = Debug|Any CPU
		{5FEACCE1-F314-4FE5-AC0A-E880ED93D8CF}.Debug|Any CPU.Build.0 = Debug|Any CPU
		{5FEACCE1-F314-4FE5-AC0A-E880ED93D8CF}.Release|Any CPU.ActiveCfg = Release|Any CPU
		{5FEACCE1-F314-4FE5-AC0A-E880ED93D8CF}.Release|Any CPU.Build.0 = Release|Any CPU
		{C7C5FDC2-7EAA-4230-BD9A-AA1B4AFA3DF4}.Debug|Any CPU.ActiveCfg = Debug|Any CPU
		{C7C5FDC2-7EAA-4230-BD9A-AA1B4AFA3DF4}.Debug|Any CPU.Build.0 = Debug|Any CPU
		{C7C5FDC2-7EAA-4230-BD9A-AA1B4AFA3DF4}.Release|Any CPU.ActiveCfg = Release|Any CPU
		{C7C5FDC2-7EAA-4230-BD9A-AA1B4AFA3DF4}.Release|Any CPU.Build.0 = Release|Any CPU
	EndGlobalSection
EndGlobal
